
Microsoft Visual Studio Solution File, Format Version 12.00
# Visual Studio Version 16
VisualStudioVersion = 16.0.810.16
MinimumVisualStudioVersion = 10.0.40219.1
Project("{FAE04EC0-301F-11D3-BF4B-00C04F79EFBC}") = "MyFirstASPNETWebApp", "MyFirstASPNETWebApp\MyFirstASPNETWebApp.csproj", "{BD697D9F-0C0A-474E-B218-F0E22A2565A3}"
EndProject
Global
	GlobalSection(SolutionConfigurationPlatforms) = preSolution
		Debug|Any CPU = Debug|Any CPU
		Release|Any CPU = Release|Any CPU
	EndGlobalSection
	GlobalSection(ProjectConfigurationPlatforms) = postSolution
		{BD697D9F-0C0A-474E-B218-F0E22A2565A3}.Debug|Any CPU.ActiveCfg = Debug|Any CPU
		{BD697D9F-0C0A-474E-B218-F0E22A2565A3}.Debug|Any CPU.Build.0 = Debug|Any CPU
		{BD697D9F-0C0A-474E-B218-F0E22A2565A3}.Release|Any CPU.ActiveCfg = Release|Any CPU
		{BD697D9F-0C0A-474E-B218-F0E22A2565A3}.Release|Any CPU.Build.0 = Release|Any CPU
	EndGlobalSection
	GlobalSection(SolutionProperties) = preSolution
		HideSolutionNode = FALSE
	EndGlobalSection
	GlobalSection(ExtensibilityGlobals) = postSolution
		SolutionGuid = {FBAD48FE-8006-4442-BA47-F3D22B50967F}
	EndGlobalSection
EndGlobal
